bou.ke/monkey v1.0.1/go.mod h1:FgHuK96Rv2Nlf+0u1OOVDpCMdsWyOFmeeketDHE7LIg=
github.com/BurntSushi/freetype-go v0.0.0-20160129220410-b763ddbfe298/go.mod h1:D+QujdIlUNfa0igpNMk6UIvlb6C252URs4yupRUV4lQ=
github.com/BurntSushi/graphics-go v0.0.0-20160129215708-b43f31a4a966/go.mod h1:Mid70uvE93zn9wgF92A/r5ixgnvX8Lh68fxp9KQBaI0=
github.com/BurntSushi/xgb v0.0.0-20160522181843-27f122750802 h1:1BDTz0u9nC3//pOCMdNH+CiXJVYJh5UQNCOBG7jbELc=
github.com/BurntSushi/xgb v0.0.0-20160522181843-27f122750802/go.mod h1:IVnqGOEym/WlBOVXweHU+Q+/VP0lqqI8lqeDx9IjBqo=
github.com/StackExchange/wmi v0.0.0-20180116203802-5d049714c4a6/go.mod h1:3eOhrUMpNV+6aFIbp5/iudMxNCF27Vw2OZgy4xEx0Fg=
github.com/StackExchange/wmi v0.0.0-20190523213315-cbe66965904d/go.mod h1:3eOhrUMpNV+6aFIbp5/iudMxNCF27Vw2OZgy4xEx0Fg=
github.com/cheekybits/genny v1.0.0/go.mod h1:+tQajlRqAUrPI7DOSpB0XAqZYtQakVtB7wXkRAgjxjQ=
github.com/davecgh/go-spew v1.1.0/go.mod h1:J7Y8YcW2NihsgmVo/mv3lAwl/skON4iLHjSsI+c5H38=
github.com/davecgh/go-spew v1.1.1/go.mod h1:J7Y8YcW2NihsgmVo/mv3lAwl/skON4iLHjSsI+c5H38=
github.com/fsnotify/fsnotify v1.4.7/go.mod h1:jwhsz4b93w/PPRr/qN1Yymfu8t87LnFCMoQvtojpjFo=
github.com/gen2brain/shm v0.0.0-20191025110947-b09d223a76f1 h1:GEXv8KLTAYsNvSM7XS1kyyLjkAAYpBfo83+C2l2zIC4=
github.com/gen2brain/shm v0.0.0-20191025110947-b09d223a76f1/go.mod h1:uF6rMu/1nvu+5DpiRLwusA6xB8zlkNoGzKn8lmYONUo=
github.com/go-ole/go-ole v1.2.1/go.mod h1:7FAglXiTm7HKlQRDeOQ6ZNUHidzCWXuZWq/1dTyBNF8=
github.com/go-ole/go-ole v1.2.4/go.mod h1:XCwSNxSkXRo4vlyPy93sltvi/qJq0jqQhjqQNIwKuxM=
github.com/go-vgo/robotgo v0.0.0-20191025170324-c4a29c34769e h1:o5QPZoKCyLFt/4GC1Qh82WKgM7HD3APz3SKobePA1WY=
github.com/go-vgo/robotgo v0.0.0-20191025170324-c4a29c34769e/go.mod h1:kogHjaCVyms36EXdBvjTw2iUjgRldmPBUx3huWSbdZc=
github.com/golang/mock v1.2.0/go.mod h1:oTYuIxOrZwtPieC+H1uAHpcLFnEyAGVDL/k47Jfbm0A=
github.com/golang/protobuf v1.2.0/go.mod h1:6lQm79b+lXiMfvg/cZm0SGofjICqVBUtrP5yJMmIC1U=
github.com/gorilla/websocket v1.4.1 h1:q7AeDBpnBk8AogcD4DSag/Ukw/KV+YhzLj2bP5HvKCM=
github.com/gorilla/websocket v1.4.1/go.mod h1:YR8l580nyteQvAITg2hZ9XVh4b55+EU/adAjf1fMHhE=
github.com/hpcloud/tail v1.0.0/go.mod h1:ab1qPbhIpdTxEkNHXyeSf5vhxWSCs/tWer42PpOxQnU=
github.com/joho/godotenv v1.3.0 h1:Zjp+RcGpHhGlrMbJzXTrZZPrWj+1vfm90La1wgB6Bhc=
github.com/joho/godotenv v1.3.0/go.mod h1:7hK45KPybAkOC6peb+G5yklZfMxEjkZhHbwpqxOKXbg=
github.com/kbinani/screenshot v0.0.0-20190719135742-f06580e30cdc h1:svhd9uqsyX9rM5LZ9lCbJ1t/7iRfdTPqbOq0ZXEjv6k=
github.com/kbinani/screenshot v0.0.0-20190719135742-f06580e30cdc/go.mod h1:f8GY5V3lRzakvEyr49P7hHRYoHtPr8zvj/7JodCoRzw=
github.com/kr/pretty v0.1.0/go.mod h1:dAy3ld7l9f0ibDNOQOHHMYYIIbhfbHSm3C4ZsoJORNo=
github.com/kr/pty v1.1.1/go.mod h1:pFQYn66WHrOpPYNljwOMqo10TkYh1fy3cYio2l3bCsQ=
github.com/kr/text v0.1.0/go.mod h1:4Jbv+DJW3UT/LiOwJeYQe1efqtUx/iVham/4vfdArNI=
github.com/lucas-clemente/quic-go v0.7.1-0.20190401152353-907071221cf9/go.mod h1:PpMmPfPKO9nKJ/psF49ESTAGQSdfXxlg1otPbEB2nOw=
github.com/lxn/win v0.0.0-20190910083938-ae3bd9765f46/go.mod h1:ouWl4wViUNh8tPSIwxTVMuS014WakR1hqvBc2I0bMoA=
github.com/marten-seemann/qtls v0.2.3/go.mod h1:xzjG7avBwGGbdZ8dTGxlBnLArsVKLvwmjgmPuiQEcYk=
github.com/nfnt/resize v0.0.0-20180221191011-83c6a9932646 h1:zYyBkD/k9seD2A7fsi6Oo2LfFZAehjjQMERAvZLEDnQ=
github.com/nfnt/resize v0.0.0-20180221191011-83c6a9932646/go.mod h1:jpp1/29i3P1S/RLdc7JQKbRpFeM1dOBd8T9ki5s+AY8=
github.com/onsi/ginkgo v1.6.0/go.mod h1:lLunBs/Ym6LB5Z9jYTR76FiuTmxDTDusOGeTQH+WWjE=
github.com/onsi/ginkgo v1.7.0/go.mod h1:lLunBs/Ym6LB5Z9jYTR76FiuTmxDTDusOGeTQH+WWjE=
github.com/onsi/gomega v1.4.3/go.mod h1:ex+gbHU/CVuBBDIJjb2X0qEXbFg53c61hWP/1CpauHY=
github.com/otiai10/curr v0.0.0-20150429015615-9b4961190c95/go.mod h1:9qAhocn7zKJG+0mI8eUu6xqkFDYS2kb2saOteoSB3cE=
github.com/otiai10/curr v0.0.0-20190513014714-f5a3d24e5776/go.mod h1:3HNVkVOU7vZeFXocWuvtcS0XSFLcf2XUSDHkq9t1jU4=
github.com/otiai10/gosseract v2.2.1+incompatible/go.mod h1:XrzWItCzCpFRZ35n3YtVTgq5bLAhFIkascoRo8G32QE=
github.com/otiai10/mint v1.2.4/go.mod h1:d+b7n/0R3tdyUYYylALXpWQ/kTN+QobSq/4SRGBkR3M=
github.com/pion/datachannel v1.4.12 h1:fFdt26Ppkk9US5mpa/G+9QvYDoYXRIWipj0YUhxSBJI=
github.com/pion/datachannel v1.4.12/go.mod h1:Ulrx2j4r8c0Za5ltWFv/hZvSpc3ZpvOvcz46tvnt+PY=
github.com/pion/dtls v1.5.2 h1:cIVSR1GPGfUAnRS1nl7jSdpoB63WOLANSu4ewpwRHzg=
github.com/pion/dtls v1.5.2/go.mod h1:v4ULmyyV65geAZQBBckCjgMhmngTqz7HQVsQVYnfkGo=
github.com/pion/ice v0.7.1 h1:Leyv/AO/mSPeevlvKuUEgNkfYNZgETONNXTVTYCzMbk=
github.com/pion/ice v0.7.1/go.mod h1:fPnWLWO3B83fJmO6Sci5Mv3ypN4Vd956Py4JlbJfVwU=
github.com/pion/logging v0.2.1/go.mod h1:k0/tDVsRCX2Mb2ZEmTqNa7CWsQPc+YYCB7Q+5pahoms=
github.com/pion/logging v0.2.2 h1:M9+AIj/+pxNsDfAT64+MAVgJO0rsyLnoJKCqf//DoeY=
github.com/pion/logging v0.2.2/go.mod h1:k0/tDVsRCX2Mb2ZEmTqNa7CWsQPc+YYCB7Q+5pahoms=
github.com/pion/mdns v0.0.3 h1:DxdOYd0pgwLKiDlIIxfU0qdG5iWh1Xn6CsS9vc6cMAY=
github.com/pion/mdns v0.0.3/go.mod h1:VrN3wefVgtfL8QgpEblPUC46ag1reLIfpqekCnKunLE=
github.com/pion/quic v0.1.1/go.mod h1:zEU51v7ru8Mp4AUBJvj6psrSth5eEFNnVQK5K48oV3k=
github.com/pion/rtcp v1.2.1 h1:S3yG4KpYAiSmBVqKAfgRa5JdwBNj4zK3RLUa8JYdhak=
github.com/pion/rtcp v1.2.1/go.mod h1:a5dj2d6BKIKHl43EnAOIrCczcjESrtPuMgfmL6/K6QM=
github.com/pion/rtp v1.1.3/go.mod h1:/l4cvcKd0D3u9JLs2xSVI95YkfXW87a3br3nqmVtSlE=
github.com/pion/rtp v1.1.4 h1:P6xh8Y8JfzR7+JAbI79X2M8kfYETaqbuM5Otm+Z+k6U=
github.com/pion/rtp v1.1.4/go.mod h1:/l4cvcKd0D3u9JLs2xSVI95YkfXW87a3br3nqmVtSlE=
github.com/pion/sctp v1.7.2 h1:eSFgSHeHkzG8VUbYFxLlN6RqUM/GaNo0v0Uf+LKn6og=
github.com/pion/sctp v1.7.2/go.mod h1:HlTD+15FeLYYQTTDO35uKEeRLVq5L2AY/ef6ZSvpIXc=
github.com/pion/sdp/v2 v2.3.1 h1:45dub4NRdwyDmQCD3GIY7DZuqC49GBUwBdjuetvdOr0=
github.com/pion/sdp/v2 v2.3.1/go.mod h1:jccXVYW0fuK6ds2pwKr89SVBDYlCjhgMI6nucl5R5rA=
github.com/pion/srtp v1.2.6 h1:mHQuAMh0P67R7/j1F260u3O+fbRWLyjKLRPZYYvODFM=
github.com/pion/srtp v1.2.6/go.mod h1:rd8imc5htjfs99XiEoOjLMEOcVjME63UHx9Ek9IGst0=
github.com/pion/stun v0.3.3 h1:brYuPl9bN9w/VM7OdNzRSLoqsnwlyNvD9MVeJrHjDQw=
github.com/pion/stun v0.3.3/go.mod h1:xrCld6XM+6GWDZdvjPlLMsTU21rNxnO6UO8XsAvHr/M=
github.com/pion/transport v0.6.0/go.mod h1:iWZ07doqOosSLMhZ+FXUTq+TamDoXSllxpbGcfkCmbE=
github.com/pion/transport v0.8.9/go.mod h1:lpeSM6KJFejVtZf8k0fgeN7zE73APQpTF83WvA1FVP8=
github.com/pion/transport v0.8.10 h1:lTiobMEw2PG6BH/mgIVqTV2mBp/mPT+IJLaN8ZxgdHk=
github.com/pion/transport v0.8.10/go.mod h1:tBmha/UCjpum5hqTWhfAEs3CO4/tHSg0MYRhSzR+CZ8=
github.com/pion/turn v1.4.0 h1:7NUMRehQz4fIo53Qv9ui1kJ0Kr1CA82I81RHKHCeM80=
github.com/pion/turn v1.4.0/go.mod h1:aDSi6hWX/hd1+gKia9cExZOR0MU95O7zX9p3Gw/P2aU=
github.com/pion/webrtc v1.2.0 h1:3LGGPQEMacwG2hcDfhdvwQPz315gvjZXOfY4vaF4+I4=
github.com/pion/webrtc/v2 v2.1.11 h1:Q1Fq/lEM73zHQ/t0RzAktZ8mZGaEVOOzMqvVC5SdTmA=
github.com/pion/webrtc/v2 v2.1.11/go.mod h1:spr7E544asF+Y3ajLasHi9fSJTiDjUERRBeTeRimlfE=
github.com/pkg/errors v0.8.1 h1:iURUrRGxPUNPdy5/HRSm+Yj6okJ6UtLINN0Q9M4+h3I=
github.com/pkg/errors v0.8.1/go.mod h1:bwawxfHBFNV+L2hUp1rHADufV3IMtnDRdf1r5NINEl0=
github.com/pmezard/go-difflib v1.0.0/go.mod h1:iKH77koFhYxTK1pcRnkKkqfTogsbg7gZNVY4sRDYZ/4=
github.com/poi5305/go-yuv2webRTC v0.0.0-20190909074644-605fa5809dd6 h1:hGh+7eaqtIrxperAiLQHLW2BgvfKDIIzWIfJ37Ux+OA=
github.com/poi5305/go-yuv2webRTC v0.0.0-20190909074644-605fa5809dd6/go.mod h1:1lRb3Bv8OYhTS/cKFODmTpi77gvs+MZ4VQzLAi0V1ec=
github.com/robotn/gohook v0.0.0-20190905174353-5bea7a10cc3a h1:mO88NwjGgGRLCo5HuXqjewR/m294XJ0OcyqRmhtl2d4=
github.com/robotn/gohook v0.0.0-20190905174353-5bea7a10cc3a/go.mod h1:YD5RyCnUEY2xqtkkgeQVZ31UAfAnVPwUxpTE5cwSXg4=
github.com/robotn/xgb v0.0.0-20190912153532-2cb92d044934 h1:2lhSR8N3T6I30q096DT7/5AKEIcf1vvnnWAmS0wfnNY=
github.com/robotn/xgb v0.0.0-20190912153532-2cb92d044934/go.mod h1:SxQhJskUJ4rleVU44YvnrdvxQr0tKy5SRSigBrCgyyQ=
github.com/robotn/xgbutil v0.0.0-20190912154524-c861d6f87770 h1:2uX8QRLkkxn2EpAQ6I3KhA79BkdRZfvugJUzJadiJwk=
github.com/robotn/xgbutil v0.0.0-20190912154524-c861d6f87770/go.mod h1:svkDXUDQjUiWzLrA0OZgHc4lbOts3C+uRfP6/yjwYnU=
github.com/sacOO7/go-logger v0.0.0-20180719173527-9ac9add5a50d h1:5T+fbRuQbpi+WZtB2yfuu59r00F6T2HV/zGYrwX8nvE=
github.com/sacOO7/go-logger v0.0.0-20180719173527-9ac9add5a50d/go.mod h1:L5EJe2k8GwpBoGXDRLAEs58R239jpZuE7NNEtW+T7oo=
github.com/sacOO7/gowebsocket v0.0.0-20180719182212-1436bb906a4e h1:yG1sLAkFltiFiwIpKdiA2CVIPxRL4P9OywNnfq45ivg=
github.com/sacOO7/gowebsocket v0.0.0-20180719182212-1436bb906a4e/go.mod h1:4a2a9BlxB807BaME8FJzQRLrZwYKj0cWjon25PlIssM=
github.com/shirou/gopsutil v2.19.6+incompatible h1:49/Gru26Lne9Cl3IoAVDZVM09hvkSrUodgIIsCVRwbs=
github.com/shirou/gopsutil v2.19.6+incompatible/go.mod h1:WWnYX4lzhCH5h/3YBfyVA3VbLYjlMZZAQcW9ojMexNc=
github.com/shirou/w32 v0.0.0-20160930032740-bb4de0191aa4/go.mod h1:qsXQc7+bwAM3Q1u/4XEfrquwF8Lw7D7y5cD8CuHnfIc=
github.com/stretchr/objx v0.1.0/go.mod h1:HFkY916IF+rwdDfMAkV7OtwuqBVzrE8GR6GFx+wExME=
github.com/stretchr/testify v1.2.2/go.mod h1:a8OnRcib4nhh0OaRAV+Yts87kKdq0PP7pXfy6kDkUVs=
github.com/stretchr/testify v1.3.0/go.mod h1:M5WIy9Dh21IEIfnGCwXGc5bZfKNJtfHm1UVUgZn+9EI=
github.com/stretchr/testify v1.4.0/go.mod h1:j7eGeouHqKxXV5pUuKE4zz7dFj8WfuZ+81PSLYec5m4=
github.com/vcaesar/gops v0.0.0-20190910162627-58ac09d12a53 h1:tYb/9KQi8dTCSDia2NwbuhUbKlaurqC/S7MFQo96nLk=
github.com/vcaesar/gops v0.0.0-20190910162627-58ac09d12a53/go.mod h1:5txYrXKrQG6ZJYdGIiMVVxiOhbdACnwBcHzIwGQ7Nkw=
github.com/vcaesar/imgo v0.0.0-20190523174309-2cf5275c2a13 h1:BsisshViEpto+nl0UUMo06z9LmsgLKCRrJDAmN+wzLo=
github.com/vcaesar/imgo v0.0.0-20190523174309-2cf5275c2a13/go.mod h1:D+Ywq+8bsOIg4nUk1lgHtPGxYxknhySi/HfZjG7VN/g=
github.com/vcaesar/tt v0.0.0-20190713164158-ecee6bc61ac7/go.mod h1:xKkGp+ufbz/1DQmNxdbAMFqZJOVIJEX7dGvLZMhPIWg=
golang.org/x/crypto v0.0.0-20190228161510-8dd112bcdc25/go.mod h1:djNgcEr1/C05ACkg1iLfiJU5Ep61QUkGW8qpdssI0+w=
golang.org/x/crypto v0.0.0-20190308221718-c2843e01d9a2/go.mod h1:djNgcEr1/C05ACkg1iLfiJU5Ep61QUkGW8qpdssI0+w=
golang.org/x/crypto v0.0.0-20191001170739-f9e2070545dc h1:KyTYo8xkh/2WdbFLUyQwBS0Jfn3qfZ9QmuPbok2oENE=
golang.org/x/crypto v0.0.0-20191001170739-f9e2070545dc/go.mod h1:yigFU9vqHzYiE8UmvKecakEJjdnWj3jj499lnFckfCI=
golang.org/x/image v0.0.0-20181116024801-cd38e8056d9b/go.mod h1:ux5Hcp/YLpHSI86hEcLt0YII63i6oz57MZXIpbrjZUs=
golang.org/x/image v0.0.0-20190910094157-69e4b8554b2a h1:gHevYm0pO4QUbwy8Dmdr01R5r1BuKtfYqRqF0h/Cbh0=
golang.org/x/image v0.0.0-20190910094157-69e4b8554b2a/go.mod h1:FeLwcggjj3mMvU+oOTbSwawSJRM1uh48EjtB4UJZlP0=
golang.org/x/net v0.0.0-20180906233101-161cd47e91fd/go.mod h1:mL1N/T3taQHkDXs73rZJwtUhF3w3ftmwwsq0BUmARs4=
golang.org/x/net v0.0.0-20190404232315-eb5bcb51f2a3/go.mod h1:t9HGtf8HONx5eT2rtn7q6eTqICYqUVnKs3thJo3Qplg=
golang.org/x/net v0.0.0-20190619014844-b5b0513f8c1b/go.mod h1:z5CRVTTTmAJ677TzLLGU+0bjPO0LkuOLi4/5GtJWs/s=
golang.org/x/net v0.0.0-20190724013045-ca1201d0de80/go.mod h1:z5CRVTTTmAJ677TzLLGU+0bjPO0LkuOLi4/5GtJWs/s=
golang.org/x/net v0.0.0-20190930134127-c5a3c61f89f3/go.mod h1:z5CRVTTTmAJ677TzLLGU+0bjPO0LkuOLi4/5GtJWs/s=
golang.org/x/net v0.0.0-20191021144547-ec77196f6094 h1:5O4U9trLjNpuhpynaDsqwCk+Tw6seqJz1EbqbnzHrc8=
golang.org/x/net v0.0.0-20191021144547-ec77196f6094/go.mod h1:z5CRVTTTmAJ677TzLLGU+0bjPO0LkuOLi4/5GtJWs/s=
golang.org/x/sync v0.0.0-20180314180146-1d60e4601c6f/go.mod h1:RxMgew5VJxzue5/jJTE5uejpjVlOe/izrB70Jof72aM=
golang.org/x/sys v0.0.0-20180909124046-d0be0721c37e/go.mod h1:STP8DvDyc/dI5b8T5hshtkjS+E42TnysNCUPdjciGhY=
golang.org/x/sys v0.0.0-20190215142949-d0b11bdaac8a/go.mod h1:STP8DvDyc/dI5b8T5hshtkjS+E42TnysNCUPdjciGhY=
golang.org/x/sys v0.0.0-20190228124157-a34e9553db1e/go.mod h1:STP8DvDyc/dI5b8T5hshtkjS+E42TnysNCUPdjciGhY=
golang.org/x/sys v0.0.0-20190412213103-97732733099d/go.mod h1:h1NjWce9XRLGQEsW7wpKNCjG9DtNlClVuFLEZdDNbEs=
golang.org/x/sys v0.0.0-20190904154756-749cb33beabd/go.mod h1:h1NjWce9XRLGQEsW7wpKNCjG9DtNlClVuFLEZdDNbEs=
golang.org/x/sys v0.0.0-20190910064555-bbd175535a8b/go.mod h1:h1NjWce9XRLGQEsW7wpKNCjG9DtNlClVuFLEZdDNbEs=
golang.org/x/sys v0.0.0-20190912141932-bc967efca4b8/go.mod h1:h1NjWce9XRLGQEsW7wpKNCjG9DtNlClVuFLEZdDNbEs=
golang.org/x/sys v0.0.0-20191001151750-bb3f8db39f24/go.mod h1:h1NjWce9XRLGQEsW7wpKNCjG9DtNlClVuFLEZdDNbEs=
golang.org/x/sys v0.0.0-20191023151326-f89234f9a2c2 h1:I7efaDQAsIQmkTF+WSdcydwVWzK07Yuz8IFF8rNkDe0=
golang.org/x/sys v0.0.0-20191023151326-f89234f9a2c2/go.mod h1:h1NjWce9XRLGQEsW7wpKNCjG9DtNlClVuFLEZdDNbEs=
golang.org/x/text v0.3.0/go.mod h1:NqM8EUOU14njkJ3fqMW+pc6Ldnwhi/IjpwHt7yyuwOQ=
gopkg.in/check.v1 v0.0.0-20161208181325-20d25e280405/go.mod h1:Co6ibVJAznAaIkqp8huTwlJQCZ016jof/cbN4VW5Yz0=
gopkg.in/check.v1 v1.0.0-20190902080502-41f04d3bba15/go.mod h1:Co6ibVJAznAaIkqp8huTwlJQCZ016jof/cbN4VW5Yz0=
gopkg.in/fsnotify.v1 v1.4.7/go.mod h1:Tz8NjZHkW78fSQdbUxIjBTcgA1z1m8ZHf0WmKUhAMys=
gopkg.in/tomb.v1 v1.0.0-20141024135613-dd632973f1e7/go.mod h1:dt/ZhP58zS4L8KSrWDmTeBkI65Dw0HsyUHuEVlX15mw=
gopkg.in/yaml.v2 v2.2.1/go.mod h1:hI93XBmqTisBFMUTm0b8Fm+jr3Dg1NNxqwp+5A1VGuI=
gopkg.in/yaml.v2 v2.2.2/go.mod h1:hI93XBmqTisBFMUTm0b8Fm+jr3Dg1NNxqwp+5A1VGuI=
gopkg.in/yaml.v2 v2.2.4/go.mod h1:hI93XBmqTisBFMUTm0b8Fm+jr3Dg1NNxqwp+5A1VGuI=
